
Microsoft Visual Studio Solution File, Format Version 12.00
# Visual Studio Version 17
VisualStudioVersion = 17.5.002.0
MinimumVisualStudioVersion = 10.0.40219.1
Project("{9A19103F-16F7-4668-BE54-9A1E7A4F7556}") = "Enuns", "Enuns.csproj", "{802FB555-2F56-4EC6-8312-48B009A6CDA2}"
EndProject
Global
	GlobalSection(SolutionConfigurationPlatforms) = preSolution
		Debug|Any CPU = Debug|Any CPU
		Release|Any CPU = Release|Any CPU
	EndGlobalSection
	GlobalSection(ProjectConfigurationPlatforms) = postSolution
		{802FB555-2F56-4EC6-8312-48B009A6CDA2}.Debug|Any CPU.ActiveCfg = Debug|Any CPU
		{802FB555-2F56-4EC6-8312-48B009A6CDA2}.Debug|Any CPU.Build.0 = Debug|Any CPU
		{802FB555-2F56-4EC6-8312-48B009A6CDA2}.Release|Any CPU.ActiveCfg = Release|Any CPU
		{802FB555-2F56-4EC6-8312-48B009A6CDA2}.Release|Any CPU.Build.0 = Release|Any CPU
	EndGlobalSection
	GlobalSection(SolutionProperties) = preSolution
		HideSolutionNode = FALSE
	EndGlobalSection
	GlobalSection(ExtensibilityGlobals) = postSolution
		SolutionGuid = {D0DE1FC9-DDE0-48FA-9BDE-DB884F6CF865}
	EndGlobalSection
EndGlobal
